
Microsoft Visual Studio Solution File, Format Version 12.00
Project("{FAE04EC0-301F-11D3-BF4B-00C04F79EFBC}") = "grpcservice", "grpcservice\GrpcService.csproj", "{8E7C4B57-DA44-4631-9280-0F420A1EDF9D}"
EndProject
Global
	GlobalSection(SolutionConfigurationPlatforms) = preSolution
		Debug|Any CPU = Debug|Any CPU
		Release|Any CPU = Release|Any CPU
	EndGlobalSection
	GlobalSection(ProjectConfigurationPlatforms) = postSolution
		{8E7C4B57-DA44-4631-9280-0F420A1EDF9D}.Debug|Any CPU.ActiveCfg = Debug|Any CPU
		{8E7C4B57-DA44-4631-9280-0F420A1EDF9D}.Debug|Any CPU.Build.0 = Debug|Any CPU
		{8E7C4B57-DA44-4631-9280-0F420A1EDF9D}.Release|Any CPU.ActiveCfg = Release|Any CPU
		{8E7C4B57-DA44-4631-9280-0F420A1EDF9D}.Release|Any CPU.Build.0 = Release|Any CPU
	EndGlobalSection
EndGlobal
